
Microsoft Visual Studio Solution File, Format Version 12.00
# Visual Studio Version 17
VisualStudioVersion = 17.7.34221.43
MinimumVisualStudioVersion = 10.0.40219.1
Project("{FAE04EC0-301F-11D3-BF4B-00C04F79EFBC}") = "16.11.23", "16.11.23.csproj", "{0163BEA8-F5DF-4AB7-AE1E-394602D0A935}"
EndProject
Project("{FAE04EC0-301F-11D3-BF4B-00C04F79EFBC}") = "BigRaces", "..\BigRaces\BigRaces.csproj", "{EA174385-A765-426A-9989-7ECFEF114273}"
EndProject
Global
	GlobalSection(SolutionConfigurationPlatforms) = preSolution
		Debug|Any CPU = Debug|Any CPU
		Release|Any CPU = Release|Any CPU
	EndGlobalSection
	GlobalSection(ProjectConfigurationPlatforms) = postSolution
		{0163BEA8-F5DF-4AB7-AE1E-394602D0A935}.Debug|Any CPU.ActiveCfg = Debug|Any CPU
		{0163BEA8-F5DF-4AB7-AE1E-394602D0A935}.Debug|Any CPU.Build.0 = Debug|Any CPU
		{0163BEA8-F5DF-4AB7-AE1E-394602D0A935}.Release|Any CPU.ActiveCfg = Release|Any CPU
		{0163BEA8-F5DF-4AB7-AE1E-394602D0A935}.Release|Any CPU.Build.0 = Release|Any CPU
		{EA174385-A765-426A-9989-7ECFEF114273}.Debug|Any CPU.ActiveCfg = Debug|Any CPU
		{EA174385-A765-426A-9989-7ECFEF114273}.Debug|Any CPU.Build.0 = Debug|Any CPU
		{EA174385-A765-426A-9989-7ECFEF114273}.Release|Any CPU.ActiveCfg = Release|Any CPU
		{EA174385-A765-426A-9989-7ECFEF114273}.Release|Any CPU.Build.0 = Release|Any CPU
	EndGlobalSection
	GlobalSection(SolutionProperties) = preSolution
		HideSolutionNode = FALSE
	EndGlobalSection
	GlobalSection(ExtensibilityGlobals) = postSolution
		SolutionGuid = {D418B632-7F80-4AC5-B1C7-9A191CEE948E}
	EndGlobalSection
EndGlobal
